
Microsoft Visual Studio Solution File, Format Version 12.00
# Visual Studio 14
VisualStudioVersion = 14.0.23107.0
MinimumVisualStudioVersion = 10.0.40219.1
Project("{FAE04EC0-301F-11D3-BF4B-00C04F79EFBC}") = "FileSystem", "FileSystem.csproj", "{A273F5FC-A6EB-4292-8398-4442B1060A4E}"
EndProject
Project("{FAE04EC0-301F-11D3-BF4B-00C04F79EFBC}") = "TestsUnitaires-FileSystem", "..\TestsUnitaires-FileSystem\TestsUnitaires-FileSystem.csproj", "{802C112E-D62C-40D4-9D62-612C82FC7AAB}"
EndProject
Global
	GlobalSection(SolutionConfigurationPlatforms) = preSolution
		Debug|Any CPU = Debug|Any CPU
		Release|Any CPU = Release|Any CPU
	EndGlobalSection
	GlobalSection(ProjectConfigurationPlatforms) = postSolution
		{A273F5FC-A6EB-4292-8398-4442B1060A4E}.Debug|Any CPU.ActiveCfg = Debug|Any CPU
		{A273F5FC-A6EB-4292-8398-4442B1060A4E}.Debug|Any CPU.Build.0 = Debug|Any CPU
		{A273F5FC-A6EB-4292-8398-4442B1060A4E}.Release|Any CPU.ActiveCfg = Release|Any CPU
		{A273F5FC-A6EB-4292-8398-4442B1060A4E}.Release|Any CPU.Build.0 = Release|Any CPU
		{802C112E-D62C-40D4-9D62-612C82FC7AAB}.Debug|Any CPU.ActiveCfg = Debug|Any CPU
		{802C112E-D62C-40D4-9D62-612C82FC7AAB}.Debug|Any CPU.Build.0 = Debug|Any CPU
		{802C112E-D62C-40D4-9D62-612C82FC7AAB}.Release|Any CPU.ActiveCfg = Release|Any CPU
		{802C112E-D62C-40D4-9D62-612C82FC7AAB}.Release|Any CPU.Build.0 = Release|Any CPU
	EndGlobalSection
	GlobalSection(SolutionProperties) = preSolution
		HideSolutionNode = FALSE
	EndGlobalSection
EndGlobal
